<Solution>
  <Project Path="01_MainSubjects/01_MainSubjects.csproj" Id="0f3ed175-3510-42ef-aaf1-7589eb7696ee" />
  <Project Path="02_Variables/02_Variables.csproj" Id="d33947dc-b895-43a1-a029-6628a093694d" />
  <Project Path="03__DecisionMakers/03__DecisionMakers.csproj" Id="a263616d-3fc9-47a0-ba83-dd03f1d20ae5" />
  <Project Path="04_Loops/04_Loops.csproj" Id="8e843f70-99fa-4173-825c-d64da62af8ed" />
  <Project Path="05_LoopsWithStars/05_LoopsWithStars.csproj" Id="5c8d2be0-36a8-489e-9e70-3f247f42aeba" />
  <Project Path="06_Arrays/06_Arrays.csproj" Id="b97cd6fb-0429-4d5e-bef3-e8dbcbd8f286" />
  <Project Path="07_ForeachLoop/07_ForeachLoop.csproj" Id="77d29ddd-a0a7-4039-9a53-1c6e26f2c64e" />
  <Project Path="08_Methods/08_Methods.csproj" Id="cfddb049-f252-411a-9fc1-adff1c01c578" />
</Solution>
